
Microsoft Visual Studio Solution File, Format Version 12.00
# Visual Studio Version 17
VisualStudioVersion = 17.0.32014.148
MinimumVisualStudioVersion = 10.0.40219.1
Project("{9A19103F-16F7-4668-BE54-9A1E7A4F7556}") = "Nucleus.Web", "Nucleus.Web\Nucleus.Web.csproj", "{387821B9-3BD3-4D1F-AE73-B1595A80AD48}"
EndProject
Project("{9A19103F-16F7-4668-BE54-9A1E7A4F7556}") = "Nucleus.Abstractions", "Nucleus.Abstractions\Nucleus.Abstractions.csproj", "{8263705D-5AF9-47E6-A299-8FE83154A1E2}"
EndProject
Project("{9A19103F-16F7-4668-BE54-9A1E7A4F7556}") = "Nucleus.ViewFeatures", "Nucleus.ViewFeatures\Nucleus.ViewFeatures.csproj", "{EF461F17-9BBB-472A-907D-1F21C19519EB}"
EndProject
Project("{9A19103F-16F7-4668-BE54-9A1E7A4F7556}") = "Nucleus.Core", "Nucleus.Core\Nucleus.Core.csproj", "{7CD71FBF-F435-492E-8A6C-CDA4AE6DF0ED}"
EndProject
Project("{2150E333-8FDC-42A3-9474-1A3956D46DE8}") = "Nucleus.Core.Modules", "Nucleus.Core.Modules", "{B2A29AB0-1E90-4829-ADB4-7C343C0A41B8}"
EndProject
Project("{9A19103F-16F7-4668-BE54-9A1E7A4F7556}") = "Nucleus.Modules.Account", "Nucleus.Core.Modules\Nucleus.Modules.Account\Nucleus.Modules.Account.csproj", "{A1283404-7C54-4A96-8567-A0B4D75E78F8}"
EndProject
Project("{9A19103F-16F7-4668-BE54-9A1E7A4F7556}") = "Nucleus.Modules.Documents", "Nucleus.Core.Modules\Nucleus.Modules.Documents\Nucleus.Modules.Documents.csproj", "{EB84DEBE-4D12-4FB8-BEB3-782B33F900FF}"
EndProject
Project("{9A19103F-16F7-4668-BE54-9A1E7A4F7556}") = "Nucleus.Modules.Media", "Nucleus.Core.Modules\Nucleus.Modules.Media\Nucleus.Modules.Media.csproj", "{62AE86D6-90E0-4FD9-8D2A-347435BCF2B1}"
EndProject
Project("{9A19103F-16F7-4668-BE54-9A1E7A4F7556}") = "Nucleus.Modules.Sitemap", "Nucleus.Core.Modules\Nucleus.Modules.Sitemap\Nucleus.Modules.Sitemap.csproj", "{62D2C58D-E330-4CC6-AEE7-0F3C6AD7F0D3}"
EndProject
Project("{9A19103F-16F7-4668-BE54-9A1E7A4F7556}") = "Nucleus.Modules.TextHtml", "Nucleus.Core.Modules\Nucleus.Modules.TextHtml\Nucleus.Modules.TextHtml.csproj", "{9DBA1E7F-9341-47B2-9F38-9B7D433F4632}"
EndProject
Project("{9A19103F-16F7-4668-BE54-9A1E7A4F7556}") = "Nucleus.Modules.Forums", "Nucleus.Core.Modules\Nucleus.Modules.Forums\Nucleus.Modules.Forums.csproj", "{4F0D1A72-1AB9-422C-90AB-1C232A0A2259}"
EndProject
Project("{9A19103F-16F7-4668-BE54-9A1E7A4F7556}") = "Nucleus.Modules.Publish", "Nucleus.Core.Modules\Nucleus.Modules.Publish\Nucleus.Modules.Publish.csproj", "{13E69A96-42D4-4475-B32C-C009540124DB}"
EndProject
Project("{9A19103F-16F7-4668-BE54-9A1E7A4F7556}") = "Nucleus.Modules.Links", "Nucleus.Core.Modules\Nucleus.Modules.Links\Nucleus.Modules.Links.csproj", "{3352DDFA-4ECB-446B-A50A-922A40A7EF60}"
EndProject
Project("{2150E333-8FDC-42A3-9474-1A3956D46DE8}") = "Nucleus.Special.Modules", "Nucleus.Special.Modules", "{CD49EF69-179E-461A-9C51-041EA3B901CE}"
EndProject
Project("{9A19103F-16F7-4668-BE54-9A1E7A4F7556}") = "Nucleus.XmlDocumentation", "Nucleus.Special.Modules\Nucleus.XmlDocumentation\Nucleus.XmlDocumentation.csproj", "{30BD178F-619B-4226-8875-0725D3077D24}"
EndProject
Project("{9A19103F-16F7-4668-BE54-9A1E7A4F7556}") = "Nucleus.Extensions", "Nucleus.Extensions\Nucleus.Extensions.csproj", "{0B1CF4DE-60B6-48DE-8776-AEDB3D957AB7}"
EndProject
Project("{9A19103F-16F7-4668-BE54-9A1E7A4F7556}") = "Nucleus.Data.Common", "Nucleus.Data.Common\Nucleus.Data.Common.csproj", "{8884AA97-0090-40E4-83AC-A12C985BF6D7}"
EndProject
Project("{9A19103F-16F7-4668-BE54-9A1E7A4F7556}") = "Nucleus.Data.Sqlite", "Nucleus.Data.Sqlite\Nucleus.Data.Sqlite.csproj", "{35A898E6-B31C-40AA-9415-FDA2398D800F}"
EndProject
Project("{9A19103F-16F7-4668-BE54-9A1E7A4F7556}") = "Nucleus.Modules.Search", "Nucleus.Core.Modules\Nucleus.Modules.Search\Nucleus.Modules.Search.csproj", "{6CF73D95-C80B-4DC4-BB18-057B197E6E98}"
EndProject
Project("{9A19103F-16F7-4668-BE54-9A1E7A4F7556}") = "Nucleus.Modules.MultiContent", "Nucleus.Core.Modules\Nucleus.Modules.MultiContent\Nucleus.Modules.MultiContent.csproj", "{688798AD-5EFB-40DF-AABF-3EF248F7E0D8}"
EndProject
Project("{9A19103F-16F7-4668-BE54-9A1E7A4F7556}") = "Nucleus.Layouts.Default", "Nucleus.Core.Modules\Nucleus.Layouts.Default\Nucleus.Layouts.Default.csproj", "{F03F0568-439E-40F3-9338-5B1306BEE2C9}"
EndProject
Project("{9A19103F-16F7-4668-BE54-9A1E7A4F7556}") = "Nucleus.Extensions.ElasticSearch", "Nucleus.Core.Modules\Nucleus.Extensions.ElasticSearch\Nucleus.Extensions.ElasticSearch.csproj", "{E80E7C50-A6E0-40F3-B043-DA76922A9FAB}"
EndProject
Project("{9A19103F-16F7-4668-BE54-9A1E7A4F7556}") = "Nucleus.Data.EntityFramework", "Nucleus.Data.EntityFramework\Nucleus.Data.EntityFramework.csproj", "{C15BE6CF-3F1A-49A5-AF78-47012EB277AB}"
EndProject
Project("{9A19103F-16F7-4668-BE54-9A1E7A4F7556}") = "Nucleus.Data.SqlServer", "Nucleus.Data.SqlServer\Nucleus.Data.SqlServer.csproj", "{D15D769D-1263-4CD4-A978-F5D6C374333C}"
EndProject
Project("{9A19103F-16F7-4668-BE54-9A1E7A4F7556}") = "Nucleus.Modules.ErrorReport", "Nucleus.Core.Modules\Nucleus.Modules.ErrorReport\Nucleus.Modules.ErrorReport.csproj", "{2857114B-9F79-4A54-9ADF-8C2337E7569A}"
EndProject
Project("{9A19103F-16F7-4668-BE54-9A1E7A4F7556}") = "Nucleus.Modules.StaticContent", "Nucleus.Core.Modules\Nucleus.Modules.StaticContent\Nucleus.Modules.StaticContent.csproj", "{A317F888-BFD7-4EC8-92BC-D75ECE4F92B3}"
EndProject
Project("{2150E333-8FDC-42A3-9474-1A3956D46DE8}") = "Documentation", "Documentation", "{800D8125-BD40-410A-B1E9-C1E62224DC03}"
EndProject
Project("{2150E333-8FDC-42A3-9474-1A3956D46DE8}") = "Setup and Configuration", "Setup and Configuration", "{ECD9AE80-AE2F-46F1-8EB1-E48F1ED7EAA8}"
	ProjectSection(SolutionItems) = preProject
		Documentation\Setup and Configuration\Api-Keys.md = Documentation\Setup and Configuration\Api-Keys.md
		Documentation\Setup and Configuration\Api-Keys.png = Documentation\Setup and Configuration\Api-Keys.png
		Documentation\Setup and Configuration\Azure-App-Service.md = Documentation\Setup and Configuration\Azure-App-Service.md
		Documentation\Setup and Configuration\Configuration.md = Documentation\Setup and Configuration\Configuration.md
		Documentation\Setup and Configuration\Install-Extensions.md = Documentation\Setup and Configuration\Install-Extensions.md
		Documentation\Setup and Configuration\Install-Extensions.png = Documentation\Setup and Configuration\Install-Extensions.png
		Documentation\Setup and Configuration\Installation.md = Documentation\Setup and Configuration\Installation.md
		Documentation\Setup and Configuration\Linux.md = Documentation\Setup and Configuration\Linux.md
		Documentation\Setup and Configuration\Lists.md = Documentation\Setup and Configuration\Lists.md
		Documentation\Setup and Configuration\Logging.md = Documentation\Setup and Configuration\Logging.md
		Documentation\Setup and Configuration\Mail-Templates.md = Documentation\Setup and Configuration\Mail-Templates.md
		Documentation\Setup and Configuration\Roles.md = Documentation\Setup and Configuration\Roles.md
		Documentation\Setup and Configuration\Scheduled-Tasks-Editor.png = Documentation\Setup and Configuration\Scheduled-Tasks-Editor.png
		Documentation\Setup and Configuration\Scheduled-Tasks.md = Documentation\Setup and Configuration\Scheduled-Tasks.md
		Documentation\Setup and Configuration\Scheduled-Tasks.png = Documentation\Setup and Configuration\Scheduled-Tasks.png
		Documentation\Setup and Configuration\Search-Settings.md = Documentation\Setup and Configuration\Search-Settings.md
		Documentation\Setup and Configuration\setup-wizard-checks.png = Documentation\Setup and Configuration\setup-wizard-checks.png
		Documentation\Setup and Configuration\setup-wizard-db.png = Documentation\Setup and Configuration\setup-wizard-db.png
		Documentation\Setup and Configuration\setup-wizard-extensions.png = Documentation\Setup and Configuration\setup-wizard-extensions.png
		Documentation\Setup and Configuration\setup-wizard-filesystems.png = Documentation\Setup and Configuration\setup-wizard-filesystems.png
		Documentation\Setup and Configuration\setup-wizard-finish.png = Documentation\Setup and Configuration\setup-wizard-finish.png
		Documentation\Setup and Configuration\setup-wizard-site.png = Documentation\Setup and Configuration\setup-wizard-site.png
		Documentation\Setup and Configuration\setup-wizard-template.png = Documentation\Setup and Configuration\setup-wizard-template.png
		Documentation\Setup and Configuration\setup-wizard-users.png = Documentation\Setup and Configuration\setup-wizard-users.png
		Documentation\Setup and Configuration\Site-Settings-Editor.png = Documentation\Setup and Configuration\Site-Settings-Editor.png
		Documentation\Setup and Configuration\Site-Settings.md = Documentation\Setup and Configuration\Site-Settings.md
		Documentation\Setup and Configuration\Site-Settings.png = Documentation\Setup and Configuration\Site-Settings.png
		Documentation\Setup and Configuration\System-Administrators.md = Documentation\Setup and Configuration\System-Administrators.md
		Documentation\Setup and Configuration\System.md = Documentation\Setup and Configuration\System.md
		Documentation\Setup and Configuration\System.png = Documentation\Setup and Configuration\System.png
		Documentation\Setup and Configuration\Users.md = Documentation\Setup and Configuration\Users.md
		Documentation\Setup and Configuration\Users.png = Documentation\Setup and Configuration\Users.png
		Documentation\Setup and Configuration\windows.md = Documentation\Setup and Configuration\windows.md
	EndProjectSection
EndProject
Project("{9A19103F-16F7-4668-BE54-9A1E7A4F7556}") = "Nucleus.Extensions.AzureBlobStorageFileSystemProvider", "Nucleus.Core.Modules\Nucleus.Extensions.AzureBlobStorageFileSystemProvider\Nucleus.Extensions.AzureBlobStorageFileSystemProvider.csproj", "{BE4E2A1D-F255-4F21-A80A-1E016C09F0A2}"
EndProject
Project("{9A19103F-16F7-4668-BE54-9A1E7A4F7556}") = "Nucleus.Data.MySql", "Nucleus.Data.MySql\Nucleus.Data.MySql.csproj", "{5359B271-0112-49F8-A6ED-1CC6A21F9C32}"
EndProject
Project("{9A19103F-16F7-4668-BE54-9A1E7A4F7556}") = "Nucleus.Data.PostgreSql", "Nucleus.Data.PostgreSql\Nucleus.Data.PostgreSql.csproj", "{11E25778-517D-4AA0-820F-21E5F31F478F}"
EndProject
Project("{2150E333-8FDC-42A3-9474-1A3956D46DE8}") = "Content Managers", "Content Managers", "{87D24D71-4026-4693-A812-212F16C9E952}"
	ProjectSection(SolutionItems) = preProject
		Documentation\Content Managers\Editing-move.png = Documentation\Content Managers\Editing-move.png
		Documentation\Content Managers\Editing.md = Documentation\Content Managers\Editing.md
		Documentation\Content Managers\Editing.png = Documentation\Content Managers\Editing.png
		Documentation\Content Managers\FilesAndFolders-FileManager.png = Documentation\Content Managers\FilesAndFolders-FileManager.png
		Documentation\Content Managers\FilesAndFolders.md = Documentation\Content Managers\FilesAndFolders.md
		Documentation\Content Managers\FilesAndFolders.png = Documentation\Content Managers\FilesAndFolders.png
		Documentation\Content Managers\PageManagement.md = Documentation\Content Managers\PageManagement.md
		Documentation\Content Managers\PageManagement.png = Documentation\Content Managers\PageManagement.png
	EndProjectSection
EndProject
Project("{2150E333-8FDC-42A3-9474-1A3956D46DE8}") = "Developers", "Developers", "{3542AB19-07D1-46AE-8CC8-295F847A9741}"
	ProjectSection(SolutionItems) = preProject
		Documentation\Developers\Control-Panel-Extensions.md = Documentation\Developers\Control-Panel-Extensions.md
		Documentation\Developers\Layouts-and-Containers.md = Documentation\Developers\Layouts-and-Containers.md
		Documentation\Developers\Layouts-and-Containers.png = Documentation\Developers\Layouts-and-Containers.png
		Documentation\Developers\Layouts-and-Containers.vsdx = Documentation\Developers\Layouts-and-Containers.vsdx
		Documentation\Developers\Modules.md = Documentation\Developers\Modules.md
		Documentation\Developers\Other.md = Documentation\Developers\Other.md
		Documentation\Developers\Scheduled-Tasks.md = Documentation\Developers\Scheduled-Tasks.md
	EndProjectSection
EndProject
Project("{9A19103F-16F7-4668-BE54-9A1E7A4F7556}") = "Nucleus.Extensions.GoogleAnalytics", "Nucleus.Core.Modules\Nucleus.Extensions.GoogleAnalytics\Nucleus.Extensions.GoogleAnalytics.csproj", "{DE7E58D2-BADD-4582-8825-7E5F9924B5E7}"
EndProject
Project("{9A19103F-16F7-4668-BE54-9A1E7A4F7556}") = "Nucleus.OAuth.Client", "Nucleus.Special.Modules\Nucleus.OAuth.Client\Nucleus.OAuth.Client.csproj", "{9B8F6A43-6BD1-4F80-A56F-4C13ADEF2BA5}"
EndProject
Project("{9A19103F-16F7-4668-BE54-9A1E7A4F7556}") = "Nucleus.OAuth.Server", "Nucleus.Special.Modules\Nucleus.OAuth.Server\Nucleus.OAuth.Server.csproj", "{883F62B7-2FF9-48CF-BD6A-AE0D04B44BFA}"
EndProject
Project("{9A19103F-16F7-4668-BE54-9A1E7A4F7556}") = "Nucleus.Modules.ContactUs", "Nucleus.Core.Modules\Nucleus.Modules.ContactUs\Nucleus.Modules.ContactUs.csproj", "{31AE9954-A4D8-4902-AEDF-56264BF3EEB9}"
EndProject
Project("{9A19103F-16F7-4668-BE54-9A1E7A4F7556}") = "Nucleus.Modules.AcceptTerms", "Nucleus.Core.Modules\Nucleus.Modules.AcceptTerms\Nucleus.Modules.AcceptTerms.csproj", "{6CC1F90F-7EA0-4992-9AF8-E641B3EDB4E1}"
EndProject
Project("{2150E333-8FDC-42A3-9474-1A3956D46DE8}") = "module-walkthrough", "module-walkthrough", "{430FAE0C-1B4E-4F15-92F7-AD2BE3F8D6D7}"
	ProjectSection(SolutionItems) = preProject
		Documentation\Developers\module-walkthrough\add-project.png = Documentation\Developers\module-walkthrough\add-project.png
		Documentation\Developers\module-walkthrough\configure-project.png = Documentation\Developers\module-walkthrough\configure-project.png
		Documentation\Developers\module-walkthrough\Develop-Module-Walkthrough.md = Documentation\Developers\module-walkthrough\Develop-Module-Walkthrough.md
		Documentation\Developers\module-walkthrough\extension-settings.png = Documentation\Developers\module-walkthrough\extension-settings.png
	EndProjectSection
EndProject
Project("{2150E333-8FDC-42A3-9474-1A3956D46DE8}") = "topics", "topics", "{7E69EF3C-1AB8-44C4-A72F-DE7A761A493C}"
	ProjectSection(SolutionItems) = preProject
		Documentation\Developers\topics\authorization.md = Documentation\Developers\topics\authorization.md
		Documentation\Developers\topics\caching-data.md = Documentation\Developers\topics\caching-data.md
		Documentation\Developers\topics\data-providers.md = Documentation\Developers\topics\data-providers.md
		Documentation\Developers\topics\database-scripts.md = Documentation\Developers\topics\database-scripts.md
		Documentation\Developers\topics\event-handlers.md = Documentation\Developers\topics\event-handlers.md
		Documentation\Developers\topics\Extension-Packaging.md = Documentation\Developers\topics\Extension-Packaging.md
		Documentation\Developers\topics\razor-views.md = Documentation\Developers\topics\razor-views.md
		Documentation\Developers\topics\saving-settings.md = Documentation\Developers\topics\saving-settings.md
		Documentation\Developers\topics\startup.md = Documentation\Developers\topics\startup.md
	EndProjectSection
EndProject
Project("{2150E333-8FDC-42A3-9474-1A3956D46DE8}") = "Reference", "Reference", "{487444E1-B18B-458A-81D7-6AADAFCAB951}"
	ProjectSection(SolutionItems) = preProject
		Documentation\Reference\Components.md = Documentation\Reference\Components.md
		Documentation\Reference\Configuration-Reference.md = Documentation\Reference\Configuration-Reference.md
		Documentation\Reference\CSS-Reference.md = Documentation\Reference\CSS-Reference.md
		Documentation\Reference\Developer-Tools-Error-Reference.md = Documentation\Reference\Developer-Tools-Error-Reference.md
	EndProjectSection
EndProject
Project("{9A19103F-16F7-4668-BE54-9A1E7A4F7556}") = "Nucleus.Extensions.AdvancedSiteMap", "Nucleus.Core.Modules\Nucleus.Extensions.AdvancedSiteMap\Nucleus.Extensions.AdvancedSiteMap.csproj", "{13F2F6C0-D84B-4F30-8B06-5485ACA5D0E5}"
EndProject
Project("{9A19103F-16F7-4668-BE54-9A1E7A4F7556}") = "Nucleus.Extensions.AmazonS3FileSystemProvider", "Nucleus.Core.Modules\Nucleus.Extensions.AmazonS3FileSystemProvider\Nucleus.Extensions.AmazonS3FileSystemProvider.csproj", "{C7323432-6F63-4229-85F8-34ED3CA9715B}"
EndProject
Project("{2150E333-8FDC-42A3-9474-1A3956D46DE8}") = "Release Notes", "Release Notes", "{17F1CA11-F065-47CE-A6E8-D72F69DEA608}"
	ProjectSection(SolutionItems) = preProject
		Documentation\Release Notes\Release-Notes-1.x.x.x.md = Documentation\Release Notes\Release-Notes-1.x.x.x.md
	EndProjectSection
EndProject
Project("{9A19103F-16F7-4668-BE54-9A1E7A4F7556}") = "Nucleus.SAML.Client", "Nucleus.Special.Modules\Nucleus.SAML.Client\Nucleus.SAML.Client.csproj", "{9D9097B2-1F66-48BA-95AD-310F246EE6C7}"
EndProject
Project("{9A19103F-16F7-4668-BE54-9A1E7A4F7556}") = "Nucleus.SAML.Server", "Nucleus.Special.Modules\Nucleus.SAML.Server\Nucleus.SAML.Server.csproj", "{1DD57018-C708-4334-B79E-BCFA6ACEF138}"
EndProject
Project("{9A19103F-16F7-4668-BE54-9A1E7A4F7556}") = "Nucleus.DNN.Migration", "Nucleus.Special.Modules\Nucleus.DNN.Migration\Nucleus.DNN.Migration.csproj", "{2D744268-B32D-4990-A4CB-2E0B5805EAE1}"
EndProject
Project("{9A19103F-16F7-4668-BE54-9A1E7A4F7556}") = "Nucleus.Modules.Shadow", "Nucleus.Core.Modules\Nucleus.Modules.Shadow\Nucleus.Modules.Shadow.csproj", "{8856AAD6-C187-4F75-8796-99AE9EF05720}"
EndProject
Project("{9A19103F-16F7-4668-BE54-9A1E7A4F7556}") = "Nucleus.Modules.IFrame", "Nucleus.Core.Modules\Nucleus.Modules.IFrame\Nucleus.Modules.IFrame.csproj", "{E4821BB4-D4BB-410A-AE00-5445720A45B1}"
EndProject
Project("{2150E333-8FDC-42A3-9474-1A3956D46DE8}") = "Operations", "Operations", "{D0789DE6-4BF3-4964-A34C-1F2AC63171B6}"
	ProjectSection(SolutionItems) = preProject
		Documentation\Operations\grafana-sample-dashboard.json = Documentation\Operations\grafana-sample-dashboard.json
		Documentation\Operations\health-checks.md = Documentation\Operations\health-checks.md
		Documentation\Operations\instrumentation.md = Documentation\Operations\instrumentation.md
	EndProjectSection
EndProject
Project("{9A19103F-16F7-4668-BE54-9A1E7A4F7556}") = "Nucleus.Modules.FilesList", "Nucleus.Core.Modules\Nucleus.Modules.FilesList\Nucleus.Modules.FilesList.csproj", "{C476B816-B7AE-43CE-BB62-5D8B9BB13629}"
EndProject
Project("{9A19103F-16F7-4668-BE54-9A1E7A4F7556}") = "Nucleus.Modules.PageLinks", "Nucleus.Core.Modules\Nucleus.Modules.PageLinks\Nucleus.Modules.PageLinks.csproj", "{6D4A7F71-4564-47C0-9503-10B01BB5B3FF}"
EndProject
Project("{9A19103F-16F7-4668-BE54-9A1E7A4F7556}") = "Nucleus.CopilotClient", "Nucleus.Special.Modules\Nucleus.CopilotClient\Nucleus.CopilotClient.csproj", "{3112275E-9ABE-494C-A5A9-83EF913CEC0C}"
EndProject
Project("{9A19103F-16F7-4668-BE54-9A1E7A4F7556}") = "Nucleus.Extensions.SendGrid", "Nucleus.Core.Modules\Nucleus.Extensions.SendGrid\Nucleus.Extensions.SendGrid.csproj", "{319B4F09-DF9F-4421-BA89-11116E068B60}"
EndProject
Project("{9A19103F-16F7-4668-BE54-9A1E7A4F7556}") = "Nucleus.Extensions.Smtp", "Nucleus.Core.Modules\Nucleus.Extensions.Smtp\Nucleus.Extensions.Smtp.csproj", "{675D5641-BDF7-4B51-80BB-326A75EBBAF9}"
EndProject
Project("{9A19103F-16F7-4668-BE54-9A1E7A4F7556}") = "Nucleus.Web.Admin", "Nucleus.Web.Admin\Nucleus.Web.Admin.csproj", "{5038799C-D90D-4B04-934F-AA5381A91929}"
EndProject
Project("{9A19103F-16F7-4668-BE54-9A1E7A4F7556}") = "Nucleus.WebAssembly", "Nucleus.WebAssembly\Nucleus.WebAssembly.csproj", "{147FFD6B-1E2E-4E0B-BB4C-75C329D338C9}"
EndProject
Global
	GlobalSection(SolutionConfigurationPlatforms) = preSolution
		Debug|Any CPU = Debug|Any CPU
		Release|Any CPU = Release|Any CPU
	EndGlobalSection
	GlobalSection(ProjectConfigurationPlatforms) = postSolution
		{387821B9-3BD3-4D1F-AE73-B1595A80AD48}.Debug|Any CPU.ActiveCfg = Debug|Any CPU
		{387821B9-3BD3-4D1F-AE73-B1595A80AD48}.Debug|Any CPU.Build.0 = Debug|Any CPU
		{387821B9-3BD3-4D1F-AE73-B1595A80AD48}.Release|Any CPU.ActiveCfg = Release|Any CPU
		{387821B9-3BD3-4D1F-AE73-B1595A80AD48}.Release|Any CPU.Build.0 = Release|Any CPU
		{8263705D-5AF9-47E6-A299-8FE83154A1E2}.Debug|Any CPU.ActiveCfg = Debug|Any CPU
		{8263705D-5AF9-47E6-A299-8FE83154A1E2}.Debug|Any CPU.Build.0 = Debug|Any CPU
		{8263705D-5AF9-47E6-A299-8FE83154A1E2}.Release|Any CPU.ActiveCfg = Release|Any CPU
		{8263705D-5AF9-47E6-A299-8FE83154A1E2}.Release|Any CPU.Build.0 = Release|Any CPU
		{EF461F17-9BBB-472A-907D-1F21C19519EB}.Debug|Any CPU.ActiveCfg = Debug|Any CPU
		{EF461F17-9BBB-472A-907D-1F21C19519EB}.Debug|Any CPU.Build.0 = Debug|Any CPU
		{EF461F17-9BBB-472A-907D-1F21C19519EB}.Release|Any CPU.ActiveCfg = Release|Any CPU
		{EF461F17-9BBB-472A-907D-1F21C19519EB}.Release|Any CPU.Build.0 = Release|Any CPU
		{7CD71FBF-F435-492E-8A6C-CDA4AE6DF0ED}.Debug|Any CPU.ActiveCfg = Debug|Any CPU
		{7CD71FBF-F435-492E-8A6C-CDA4AE6DF0ED}.Debug|Any CPU.Build.0 = Debug|Any CPU
		{7CD71FBF-F435-492E-8A6C-CDA4AE6DF0ED}.Release|Any CPU.ActiveCfg = Release|Any CPU
		{7CD71FBF-F435-492E-8A6C-CDA4AE6DF0ED}.Release|Any CPU.Build.0 = Release|Any CPU
		{A1283404-7C54-4A96-8567-A0B4D75E78F8}.Debug|Any CPU.ActiveCfg = Debug|Any CPU
		{A1283404-7C54-4A96-8567-A0B4D75E78F8}.Debug|Any CPU.Build.0 = Debug|Any CPU
		{A1283404-7C54-4A96-8567-A0B4D75E78F8}.Release|Any CPU.ActiveCfg = Release|Any CPU
		{A1283404-7C54-4A96-8567-A0B4D75E78F8}.Release|Any CPU.Build.0 = Release|Any CPU
		{EB84DEBE-4D12-4FB8-BEB3-782B33F900FF}.Debug|Any CPU.ActiveCfg = Debug|Any CPU
		{EB84DEBE-4D12-4FB8-BEB3-782B33F900FF}.Debug|Any CPU.Build.0 = Debug|Any CPU
		{EB84DEBE-4D12-4FB8-BEB3-782B33F900FF}.Release|Any CPU.ActiveCfg = Release|Any CPU
		{EB84DEBE-4D12-4FB8-BEB3-782B33F900FF}.Release|Any CPU.Build.0 = Release|Any CPU
		{62AE86D6-90E0-4FD9-8D2A-347435BCF2B1}.Debug|Any CPU.ActiveCfg = Debug|Any CPU
		{62AE86D6-90E0-4FD9-8D2A-347435BCF2B1}.Debug|Any CPU.Build.0 = Debug|Any CPU
		{62AE86D6-90E0-4FD9-8D2A-347435BCF2B1}.Release|Any CPU.ActiveCfg = Release|Any CPU
		{62AE86D6-90E0-4FD9-8D2A-347435BCF2B1}.Release|Any CPU.Build.0 = Release|Any CPU
		{62D2C58D-E330-4CC6-AEE7-0F3C6AD7F0D3}.Debug|Any CPU.ActiveCfg = Debug|Any CPU
		{62D2C58D-E330-4CC6-AEE7-0F3C6AD7F0D3}.Debug|Any CPU.Build.0 = Debug|Any CPU
		{62D2C58D-E330-4CC6-AEE7-0F3C6AD7F0D3}.Release|Any CPU.ActiveCfg = Release|Any CPU
		{62D2C58D-E330-4CC6-AEE7-0F3C6AD7F0D3}.Release|Any CPU.Build.0 = Release|Any CPU
		{9DBA1E7F-9341-47B2-9F38-9B7D433F4632}.Debug|Any CPU.ActiveCfg = Debug|Any CPU
		{9DBA1E7F-9341-47B2-9F38-9B7D433F4632}.Debug|Any CPU.Build.0 = Debug|Any CPU
		{9DBA1E7F-9341-47B2-9F38-9B7D433F4632}.Release|Any CPU.ActiveCfg = Release|Any CPU
		{9DBA1E7F-9341-47B2-9F38-9B7D433F4632}.Release|Any CPU.Build.0 = Release|Any CPU
		{4F0D1A72-1AB9-422C-90AB-1C232A0A2259}.Debug|Any CPU.ActiveCfg = Debug|Any CPU
		{4F0D1A72-1AB9-422C-90AB-1C232A0A2259}.Debug|Any CPU.Build.0 = Debug|Any CPU
		{4F0D1A72-1AB9-422C-90AB-1C232A0A2259}.Release|Any CPU.ActiveCfg = Release|Any CPU
		{4F0D1A72-1AB9-422C-90AB-1C232A0A2259}.Release|Any CPU.Build.0 = Release|Any CPU
		{13E69A96-42D4-4475-B32C-C009540124DB}.Debug|Any CPU.ActiveCfg = Debug|Any CPU
		{13E69A96-42D4-4475-B32C-C009540124DB}.Debug|Any CPU.Build.0 = Debug|Any CPU
		{13E69A96-42D4-4475-B32C-C009540124DB}.Release|Any CPU.ActiveCfg = Release|Any CPU
		{13E69A96-42D4-4475-B32C-C009540124DB}.Release|Any CPU.Build.0 = Release|Any CPU
		{3352DDFA-4ECB-446B-A50A-922A40A7EF60}.Debug|Any CPU.ActiveCfg = Debug|Any CPU
		{3352DDFA-4ECB-446B-A50A-922A40A7EF60}.Debug|Any CPU.Build.0 = Debug|Any CPU
		{3352DDFA-4ECB-446B-A50A-922A40A7EF60}.Release|Any CPU.ActiveCfg = Release|Any CPU
		{3352DDFA-4ECB-446B-A50A-922A40A7EF60}.Release|Any CPU.Build.0 = Release|Any CPU
		{30BD178F-619B-4226-8875-0725D3077D24}.Debug|Any CPU.ActiveCfg = Debug|Any CPU
		{30BD178F-619B-4226-8875-0725D3077D24}.Debug|Any CPU.Build.0 = Debug|Any CPU
		{30BD178F-619B-4226-8875-0725D3077D24}.Release|Any CPU.ActiveCfg = Release|Any CPU
		{30BD178F-619B-4226-8875-0725D3077D24}.Release|Any CPU.Build.0 = Release|Any CPU
		{0B1CF4DE-60B6-48DE-8776-AEDB3D957AB7}.Debug|Any CPU.ActiveCfg = Debug|Any CPU
		{0B1CF4DE-60B6-48DE-8776-AEDB3D957AB7}.Debug|Any CPU.Build.0 = Debug|Any CPU
		{0B1CF4DE-60B6-48DE-8776-AEDB3D957AB7}.Release|Any CPU.ActiveCfg = Release|Any CPU
		{0B1CF4DE-60B6-48DE-8776-AEDB3D957AB7}.Release|Any CPU.Build.0 = Release|Any CPU
		{8884AA97-0090-40E4-83AC-A12C985BF6D7}.Debug|Any CPU.ActiveCfg = Debug|Any CPU
		{8884AA97-0090-40E4-83AC-A12C985BF6D7}.Debug|Any CPU.Build.0 = Debug|Any CPU
		{8884AA97-0090-40E4-83AC-A12C985BF6D7}.Release|Any CPU.ActiveCfg = Release|Any CPU
		{8884AA97-0090-40E4-83AC-A12C985BF6D7}.Release|Any CPU.Build.0 = Release|Any CPU
		{35A898E6-B31C-40AA-9415-FDA2398D800F}.Debug|Any CPU.ActiveCfg = Debug|Any CPU
		{35A898E6-B31C-40AA-9415-FDA2398D800F}.Debug|Any CPU.Build.0 = Debug|Any CPU
		{35A898E6-B31C-40AA-9415-FDA2398D800F}.Release|Any CPU.ActiveCfg = Release|Any CPU
		{35A898E6-B31C-40AA-9415-FDA2398D800F}.Release|Any CPU.Build.0 = Release|Any CPU
		{6CF73D95-C80B-4DC4-BB18-057B197E6E98}.Debug|Any CPU.ActiveCfg = Debug|Any CPU
		{6CF73D95-C80B-4DC4-BB18-057B197E6E98}.Debug|Any CPU.Build.0 = Debug|Any CPU
		{6CF73D95-C80B-4DC4-BB18-057B197E6E98}.Release|Any CPU.ActiveCfg = Release|Any CPU
		{6CF73D95-C80B-4DC4-BB18-057B197E6E98}.Release|Any CPU.Build.0 = Release|Any CPU
		{688798AD-5EFB-40DF-AABF-3EF248F7E0D8}.Debug|Any CPU.ActiveCfg = Debug|Any CPU
		{688798AD-5EFB-40DF-AABF-3EF248F7E0D8}.Debug|Any CPU.Build.0 = Debug|Any CPU
		{688798AD-5EFB-40DF-AABF-3EF248F7E0D8}.Release|Any CPU.ActiveCfg = Release|Any CPU
		{688798AD-5EFB-40DF-AABF-3EF248F7E0D8}.Release|Any CPU.Build.0 = Release|Any CPU
		{F03F0568-439E-40F3-9338-5B1306BEE2C9}.Debug|Any CPU.ActiveCfg = Debug|Any CPU
		{F03F0568-439E-40F3-9338-5B1306BEE2C9}.Debug|Any CPU.Build.0 = Debug|Any CPU
		{F03F0568-439E-40F3-9338-5B1306BEE2C9}.Release|Any CPU.ActiveCfg = Release|Any CPU
		{F03F0568-439E-40F3-9338-5B1306BEE2C9}.Release|Any CPU.Build.0 = Release|Any CPU
		{E80E7C50-A6E0-40F3-B043-DA76922A9FAB}.Debug|Any CPU.ActiveCfg = Debug|Any CPU
		{E80E7C50-A6E0-40F3-B043-DA76922A9FAB}.Debug|Any CPU.Build.0 = Debug|Any CPU
		{E80E7C50-A6E0-40F3-B043-DA76922A9FAB}.Release|Any CPU.ActiveCfg = Release|Any CPU
		{E80E7C50-A6E0-40F3-B043-DA76922A9FAB}.Release|Any CPU.Build.0 = Release|Any CPU
		{C15BE6CF-3F1A-49A5-AF78-47012EB277AB}.Debug|Any CPU.ActiveCfg = Debug|Any CPU
		{C15BE6CF-3F1A-49A5-AF78-47012EB277AB}.Debug|Any CPU.Build.0 = Debug|Any CPU
		{C15BE6CF-3F1A-49A5-AF78-47012EB277AB}.Release|Any CPU.ActiveCfg = Release|Any CPU
		{C15BE6CF-3F1A-49A5-AF78-47012EB277AB}.Release|Any CPU.Build.0 = Release|Any CPU
		{D15D769D-1263-4CD4-A978-F5D6C374333C}.Debug|Any CPU.ActiveCfg = Debug|Any CPU
		{D15D769D-1263-4CD4-A978-F5D6C374333C}.Debug|Any CPU.Build.0 = Debug|Any CPU
		{D15D769D-1263-4CD4-A978-F5D6C374333C}.Release|Any CPU.ActiveCfg = Release|Any CPU
		{D15D769D-1263-4CD4-A978-F5D6C374333C}.Release|Any CPU.Build.0 = Release|Any CPU
		{2857114B-9F79-4A54-9ADF-8C2337E7569A}.Debug|Any CPU.ActiveCfg = Debug|Any CPU
		{2857114B-9F79-4A54-9ADF-8C2337E7569A}.Debug|Any CPU.Build.0 = Debug|Any CPU
		{2857114B-9F79-4A54-9ADF-8C2337E7569A}.Release|Any CPU.ActiveCfg = Release|Any CPU
		{2857114B-9F79-4A54-9ADF-8C2337E7569A}.Release|Any CPU.Build.0 = Release|Any CPU
		{A317F888-BFD7-4EC8-92BC-D75ECE4F92B3}.Debug|Any CPU.ActiveCfg = Debug|Any CPU
		{A317F888-BFD7-4EC8-92BC-D75ECE4F92B3}.Debug|Any CPU.Build.0 = Debug|Any CPU
		{A317F888-BFD7-4EC8-92BC-D75ECE4F92B3}.Release|Any CPU.ActiveCfg = Release|Any CPU
		{A317F888-BFD7-4EC8-92BC-D75ECE4F92B3}.Release|Any CPU.Build.0 = Release|Any CPU
		{BE4E2A1D-F255-4F21-A80A-1E016C09F0A2}.Debug|Any CPU.ActiveCfg = Debug|Any CPU
		{BE4E2A1D-F255-4F21-A80A-1E016C09F0A2}.Debug|Any CPU.Build.0 = Debug|Any CPU
		{BE4E2A1D-F255-4F21-A80A-1E016C09F0A2}.Release|Any CPU.ActiveCfg = Release|Any CPU
		{BE4E2A1D-F255-4F21-A80A-1E016C09F0A2}.Release|Any CPU.Build.0 = Release|Any CPU
		{5359B271-0112-49F8-A6ED-1CC6A21F9C32}.Debug|Any CPU.ActiveCfg = Debug|Any CPU
		{5359B271-0112-49F8-A6ED-1CC6A21F9C32}.Debug|Any CPU.Build.0 = Debug|Any CPU
		{5359B271-0112-49F8-A6ED-1CC6A21F9C32}.Release|Any CPU.ActiveCfg = Release|Any CPU
		{5359B271-0112-49F8-A6ED-1CC6A21F9C32}.Release|Any CPU.Build.0 = Release|Any CPU
		{11E25778-517D-4AA0-820F-21E5F31F478F}.Debug|Any CPU.ActiveCfg = Debug|Any CPU
		{11E25778-517D-4AA0-820F-21E5F31F478F}.Debug|Any CPU.Build.0 = Debug|Any CPU
		{11E25778-517D-4AA0-820F-21E5F31F478F}.Release|Any CPU.ActiveCfg = Release|Any CPU
		{11E25778-517D-4AA0-820F-21E5F31F478F}.Release|Any CPU.Build.0 = Release|Any CPU
		{DE7E58D2-BADD-4582-8825-7E5F9924B5E7}.Debug|Any CPU.ActiveCfg = Debug|Any CPU
		{DE7E58D2-BADD-4582-8825-7E5F9924B5E7}.Debug|Any CPU.Build.0 = Debug|Any CPU
		{DE7E58D2-BADD-4582-8825-7E5F9924B5E7}.Release|Any CPU.ActiveCfg = Release|Any CPU
		{DE7E58D2-BADD-4582-8825-7E5F9924B5E7}.Release|Any CPU.Build.0 = Release|Any CPU
		{9B8F6A43-6BD1-4F80-A56F-4C13ADEF2BA5}.Debug|Any CPU.ActiveCfg = Debug|Any CPU
		{9B8F6A43-6BD1-4F80-A56F-4C13ADEF2BA5}.Debug|Any CPU.Build.0 = Debug|Any CPU
		{9B8F6A43-6BD1-4F80-A56F-4C13ADEF2BA5}.Release|Any CPU.ActiveCfg = Release|Any CPU
		{9B8F6A43-6BD1-4F80-A56F-4C13ADEF2BA5}.Release|Any CPU.Build.0 = Release|Any CPU
		{883F62B7-2FF9-48CF-BD6A-AE0D04B44BFA}.Debug|Any CPU.ActiveCfg = Debug|Any CPU
		{883F62B7-2FF9-48CF-BD6A-AE0D04B44BFA}.Debug|Any CPU.Build.0 = Debug|Any CPU
		{883F62B7-2FF9-48CF-BD6A-AE0D04B44BFA}.Release|Any CPU.ActiveCfg = Release|Any CPU
		{883F62B7-2FF9-48CF-BD6A-AE0D04B44BFA}.Release|Any CPU.Build.0 = Release|Any CPU
		{31AE9954-A4D8-4902-AEDF-56264BF3EEB9}.Debug|Any CPU.ActiveCfg = Debug|Any CPU
		{31AE9954-A4D8-4902-AEDF-56264BF3EEB9}.Debug|Any CPU.Build.0 = Debug|Any CPU
		{31AE9954-A4D8-4902-AEDF-56264BF3EEB9}.Release|Any CPU.ActiveCfg = Release|Any CPU
		{31AE9954-A4D8-4902-AEDF-56264BF3EEB9}.Release|Any CPU.Build.0 = Release|Any CPU
		{6CC1F90F-7EA0-4992-9AF8-E641B3EDB4E1}.Debug|Any CPU.ActiveCfg = Debug|Any CPU
		{6CC1F90F-7EA0-4992-9AF8-E641B3EDB4E1}.Debug|Any CPU.Build.0 = Debug|Any CPU
		{6CC1F90F-7EA0-4992-9AF8-E641B3EDB4E1}.Release|Any CPU.ActiveCfg = Release|Any CPU
		{6CC1F90F-7EA0-4992-9AF8-E641B3EDB4E1}.Release|Any CPU.Build.0 = Release|Any CPU
		{13F2F6C0-D84B-4F30-8B06-5485ACA5D0E5}.Debug|Any CPU.ActiveCfg = Debug|Any CPU
		{13F2F6C0-D84B-4F30-8B06-5485ACA5D0E5}.Debug|Any CPU.Build.0 = Debug|Any CPU
		{13F2F6C0-D84B-4F30-8B06-5485ACA5D0E5}.Release|Any CPU.ActiveCfg = Release|Any CPU
		{13F2F6C0-D84B-4F30-8B06-5485ACA5D0E5}.Release|Any CPU.Build.0 = Release|Any CPU
		{C7323432-6F63-4229-85F8-34ED3CA9715B}.Debug|Any CPU.ActiveCfg = Debug|Any CPU
		{C7323432-6F63-4229-85F8-34ED3CA9715B}.Debug|Any CPU.Build.0 = Debug|Any CPU
		{C7323432-6F63-4229-85F8-34ED3CA9715B}.Release|Any CPU.ActiveCfg = Release|Any CPU
		{C7323432-6F63-4229-85F8-34ED3CA9715B}.Release|Any CPU.Build.0 = Release|Any CPU
		{9D9097B2-1F66-48BA-95AD-310F246EE6C7}.Debug|Any CPU.ActiveCfg = Debug|Any CPU
		{9D9097B2-1F66-48BA-95AD-310F246EE6C7}.Debug|Any CPU.Build.0 = Debug|Any CPU
		{9D9097B2-1F66-48BA-95AD-310F246EE6C7}.Release|Any CPU.ActiveCfg = Release|Any CPU
		{9D9097B2-1F66-48BA-95AD-310F246EE6C7}.Release|Any CPU.Build.0 = Release|Any CPU
		{1DD57018-C708-4334-B79E-BCFA6ACEF138}.Debug|Any CPU.ActiveCfg = Debug|Any CPU
		{1DD57018-C708-4334-B79E-BCFA6ACEF138}.Debug|Any CPU.Build.0 = Debug|Any CPU
		{1DD57018-C708-4334-B79E-BCFA6ACEF138}.Release|Any CPU.ActiveCfg = Release|Any CPU
		{1DD57018-C708-4334-B79E-BCFA6ACEF138}.Release|Any CPU.Build.0 = Release|Any CPU
		{2D744268-B32D-4990-A4CB-2E0B5805EAE1}.Debug|Any CPU.ActiveCfg = Debug|Any CPU
		{2D744268-B32D-4990-A4CB-2E0B5805EAE1}.Debug|Any CPU.Build.0 = Debug|Any CPU
		{2D744268-B32D-4990-A4CB-2E0B5805EAE1}.Release|Any CPU.ActiveCfg = Release|Any CPU
		{2D744268-B32D-4990-A4CB-2E0B5805EAE1}.Release|Any CPU.Build.0 = Release|Any CPU
		{8856AAD6-C187-4F75-8796-99AE9EF05720}.Debug|Any CPU.ActiveCfg = Debug|Any CPU
		{8856AAD6-C187-4F75-8796-99AE9EF05720}.Debug|Any CPU.Build.0 = Debug|Any CPU
		{8856AAD6-C187-4F75-8796-99AE9EF05720}.Release|Any CPU.ActiveCfg = Release|Any CPU
		{8856AAD6-C187-4F75-8796-99AE9EF05720}.Release|Any CPU.Build.0 = Release|Any CPU
		{E4821BB4-D4BB-410A-AE00-5445720A45B1}.Debug|Any CPU.ActiveCfg = Debug|Any CPU
		{E4821BB4-D4BB-410A-AE00-5445720A45B1}.Debug|Any CPU.Build.0 = Debug|Any CPU
		{E4821BB4-D4BB-410A-AE00-5445720A45B1}.Release|Any CPU.ActiveCfg = Release|Any CPU
		{E4821BB4-D4BB-410A-AE00-5445720A45B1}.Release|Any CPU.Build.0 = Release|Any CPU
		{C476B816-B7AE-43CE-BB62-5D8B9BB13629}.Debug|Any CPU.ActiveCfg = Debug|Any CPU
		{C476B816-B7AE-43CE-BB62-5D8B9BB13629}.Debug|Any CPU.Build.0 = Debug|Any CPU
		{C476B816-B7AE-43CE-BB62-5D8B9BB13629}.Release|Any CPU.ActiveCfg = Release|Any CPU
		{C476B816-B7AE-43CE-BB62-5D8B9BB13629}.Release|Any CPU.Build.0 = Release|Any CPU
		{6D4A7F71-4564-47C0-9503-10B01BB5B3FF}.Debug|Any CPU.ActiveCfg = Debug|Any CPU
		{6D4A7F71-4564-47C0-9503-10B01BB5B3FF}.Debug|Any CPU.Build.0 = Debug|Any CPU
		{6D4A7F71-4564-47C0-9503-10B01BB5B3FF}.Release|Any CPU.ActiveCfg = Release|Any CPU
		{6D4A7F71-4564-47C0-9503-10B01BB5B3FF}.Release|Any CPU.Build.0 = Release|Any CPU
		{3112275E-9ABE-494C-A5A9-83EF913CEC0C}.Debug|Any CPU.ActiveCfg = Debug|Any CPU
		{3112275E-9ABE-494C-A5A9-83EF913CEC0C}.Debug|Any CPU.Build.0 = Debug|Any CPU
		{3112275E-9ABE-494C-A5A9-83EF913CEC0C}.Release|Any CPU.ActiveCfg = Release|Any CPU
		{3112275E-9ABE-494C-A5A9-83EF913CEC0C}.Release|Any CPU.Build.0 = Release|Any CPU
		{319B4F09-DF9F-4421-BA89-11116E068B60}.Debug|Any CPU.ActiveCfg = Debug|Any CPU
		{319B4F09-DF9F-4421-BA89-11116E068B60}.Debug|Any CPU.Build.0 = Debug|Any CPU
		{319B4F09-DF9F-4421-BA89-11116E068B60}.Release|Any CPU.ActiveCfg = Release|Any CPU
		{319B4F09-DF9F-4421-BA89-11116E068B60}.Release|Any CPU.Build.0 = Release|Any CPU
		{675D5641-BDF7-4B51-80BB-326A75EBBAF9}.Debug|Any CPU.ActiveCfg = Debug|Any CPU
		{675D5641-BDF7-4B51-80BB-326A75EBBAF9}.Debug|Any CPU.Build.0 = Debug|Any CPU
		{675D5641-BDF7-4B51-80BB-326A75EBBAF9}.Release|Any CPU.ActiveCfg = Release|Any CPU
		{675D5641-BDF7-4B51-80BB-326A75EBBAF9}.Release|Any CPU.Build.0 = Release|Any CPU
		{5038799C-D90D-4B04-934F-AA5381A91929}.Debug|Any CPU.ActiveCfg = Debug|Any CPU
		{5038799C-D90D-4B04-934F-AA5381A91929}.Debug|Any CPU.Build.0 = Debug|Any CPU
		{5038799C-D90D-4B04-934F-AA5381A91929}.Release|Any CPU.ActiveCfg = Release|Any CPU
		{5038799C-D90D-4B04-934F-AA5381A91929}.Release|Any CPU.Build.0 = Release|Any CPU
		{147FFD6B-1E2E-4E0B-BB4C-75C329D338C9}.Debug|Any CPU.ActiveCfg = Debug|Any CPU
		{147FFD6B-1E2E-4E0B-BB4C-75C329D338C9}.Debug|Any CPU.Build.0 = Debug|Any CPU
		{147FFD6B-1E2E-4E0B-BB4C-75C329D338C9}.Release|Any CPU.ActiveCfg = Release|Any CPU
		{147FFD6B-1E2E-4E0B-BB4C-75C329D338C9}.Release|Any CPU.Build.0 = Release|Any CPU
	EndGlobalSection
	GlobalSection(SolutionProperties) = preSolution
		HideSolutionNode = FALSE
	EndGlobalSection
	GlobalSection(NestedProjects) = preSolution
		{A1283404-7C54-4A96-8567-A0B4D75E78F8} = {B2A29AB0-1E90-4829-ADB4-7C343C0A41B8}
		{EB84DEBE-4D12-4FB8-BEB3-782B33F900FF} = {B2A29AB0-1E90-4829-ADB4-7C343C0A41B8}
		{62AE86D6-90E0-4FD9-8D2A-347435BCF2B1} = {B2A29AB0-1E90-4829-ADB4-7C343C0A41B8}
		{62D2C58D-E330-4CC6-AEE7-0F3C6AD7F0D3} = {B2A29AB0-1E90-4829-ADB4-7C343C0A41B8}
		{9DBA1E7F-9341-47B2-9F38-9B7D433F4632} = {B2A29AB0-1E90-4829-ADB4-7C343C0A41B8}
		{4F0D1A72-1AB9-422C-90AB-1C232A0A2259} = {B2A29AB0-1E90-4829-ADB4-7C343C0A41B8}
		{13E69A96-42D4-4475-B32C-C009540124DB} = {B2A29AB0-1E90-4829-ADB4-7C343C0A41B8}
		{3352DDFA-4ECB-446B-A50A-922A40A7EF60} = {B2A29AB0-1E90-4829-ADB4-7C343C0A41B8}
		{30BD178F-619B-4226-8875-0725D3077D24} = {CD49EF69-179E-461A-9C51-041EA3B901CE}
		{6CF73D95-C80B-4DC4-BB18-057B197E6E98} = {B2A29AB0-1E90-4829-ADB4-7C343C0A41B8}
		{688798AD-5EFB-40DF-AABF-3EF248F7E0D8} = {B2A29AB0-1E90-4829-ADB4-7C343C0A41B8}
		{F03F0568-439E-40F3-9338-5B1306BEE2C9} = {B2A29AB0-1E90-4829-ADB4-7C343C0A41B8}
		{E80E7C50-A6E0-40F3-B043-DA76922A9FAB} = {B2A29AB0-1E90-4829-ADB4-7C343C0A41B8}
		{2857114B-9F79-4A54-9ADF-8C2337E7569A} = {B2A29AB0-1E90-4829-ADB4-7C343C0A41B8}
		{A317F888-BFD7-4EC8-92BC-D75ECE4F92B3} = {B2A29AB0-1E90-4829-ADB4-7C343C0A41B8}
		{ECD9AE80-AE2F-46F1-8EB1-E48F1ED7EAA8} = {800D8125-BD40-410A-B1E9-C1E62224DC03}
		{BE4E2A1D-F255-4F21-A80A-1E016C09F0A2} = {B2A29AB0-1E90-4829-ADB4-7C343C0A41B8}
		{87D24D71-4026-4693-A812-212F16C9E952} = {800D8125-BD40-410A-B1E9-C1E62224DC03}
		{3542AB19-07D1-46AE-8CC8-295F847A9741} = {800D8125-BD40-410A-B1E9-C1E62224DC03}
		{DE7E58D2-BADD-4582-8825-7E5F9924B5E7} = {B2A29AB0-1E90-4829-ADB4-7C343C0A41B8}
		{9B8F6A43-6BD1-4F80-A56F-4C13ADEF2BA5} = {CD49EF69-179E-461A-9C51-041EA3B901CE}
		{883F62B7-2FF9-48CF-BD6A-AE0D04B44BFA} = {CD49EF69-179E-461A-9C51-041EA3B901CE}
		{31AE9954-A4D8-4902-AEDF-56264BF3EEB9} = {B2A29AB0-1E90-4829-ADB4-7C343C0A41B8}
		{6CC1F90F-7EA0-4992-9AF8-E641B3EDB4E1} = {B2A29AB0-1E90-4829-ADB4-7C343C0A41B8}
		{430FAE0C-1B4E-4F15-92F7-AD2BE3F8D6D7} = {3542AB19-07D1-46AE-8CC8-295F847A9741}
		{7E69EF3C-1AB8-44C4-A72F-DE7A761A493C} = {3542AB19-07D1-46AE-8CC8-295F847A9741}
		{487444E1-B18B-458A-81D7-6AADAFCAB951} = {800D8125-BD40-410A-B1E9-C1E62224DC03}
		{13F2F6C0-D84B-4F30-8B06-5485ACA5D0E5} = {B2A29AB0-1E90-4829-ADB4-7C343C0A41B8}
		{C7323432-6F63-4229-85F8-34ED3CA9715B} = {B2A29AB0-1E90-4829-ADB4-7C343C0A41B8}
		{17F1CA11-F065-47CE-A6E8-D72F69DEA608} = {800D8125-BD40-410A-B1E9-C1E62224DC03}
		{9D9097B2-1F66-48BA-95AD-310F246EE6C7} = {CD49EF69-179E-461A-9C51-041EA3B901CE}
		{1DD57018-C708-4334-B79E-BCFA6ACEF138} = {CD49EF69-179E-461A-9C51-041EA3B901CE}
		{2D744268-B32D-4990-A4CB-2E0B5805EAE1} = {CD49EF69-179E-461A-9C51-041EA3B901CE}
		{8856AAD6-C187-4F75-8796-99AE9EF05720} = {B2A29AB0-1E90-4829-ADB4-7C343C0A41B8}
		{E4821BB4-D4BB-410A-AE00-5445720A45B1} = {B2A29AB0-1E90-4829-ADB4-7C343C0A41B8}
		{D0789DE6-4BF3-4964-A34C-1F2AC63171B6} = {800D8125-BD40-410A-B1E9-C1E62224DC03}
		{C476B816-B7AE-43CE-BB62-5D8B9BB13629} = {B2A29AB0-1E90-4829-ADB4-7C343C0A41B8}
		{6D4A7F71-4564-47C0-9503-10B01BB5B3FF} = {B2A29AB0-1E90-4829-ADB4-7C343C0A41B8}
		{3112275E-9ABE-494C-A5A9-83EF913CEC0C} = {CD49EF69-179E-461A-9C51-041EA3B901CE}
		{319B4F09-DF9F-4421-BA89-11116E068B60} = {B2A29AB0-1E90-4829-ADB4-7C343C0A41B8}
		{675D5641-BDF7-4B51-80BB-326A75EBBAF9} = {B2A29AB0-1E90-4829-ADB4-7C343C0A41B8}
	EndGlobalSection
	GlobalSection(ExtensibilityGlobals) = postSolution
		SolutionGuid = {D84CD364-9C8E-400E-84AA-45562061ED44}
	EndGlobalSection
EndGlobal
