
Microsoft Visual Studio Solution File, Format Version 12.00
# Visual Studio Version 16
VisualStudioVersion = 16.0.31424.327
MinimumVisualStudioVersion = 10.0.40219.1
Project("{FAE04EC0-301F-11D3-BF4B-00C04F79EFBC}") = "Nucleus.Modules.MultiContent", "Nucleus.Modules.MultiContent.csproj", "{A086286B-7AEE-4FEA-B43C-3520244D863F}"
EndProject
Global
	GlobalSection(SolutionConfigurationPlatforms) = preSolution
		Debug|Any CPU = Debug|Any CPU
		Release|Any CPU = Release|Any CPU
	EndGlobalSection
	GlobalSection(ProjectConfigurationPlatforms) = postSolution
		{A086286B-7AEE-4FEA-B43C-3520244D863F}.Debug|Any CPU.ActiveCfg = Debug|Any CPU
		{A086286B-7AEE-4FEA-B43C-3520244D863F}.Debug|Any CPU.Build.0 = Debug|Any CPU
		{A086286B-7AEE-4FEA-B43C-3520244D863F}.Release|Any CPU.ActiveCfg = Release|Any CPU
		{A086286B-7AEE-4FEA-B43C-3520244D863F}.Release|Any CPU.Build.0 = Release|Any CPU
	EndGlobalSection
	GlobalSection(SolutionProperties) = preSolution
		HideSolutionNode = FALSE
	EndGlobalSection
	GlobalSection(ExtensibilityGlobals) = postSolution
		SolutionGuid = {400A469C-22D3-4A31-AC4A-0B79AECF57CF}
	EndGlobalSection
EndGlobal
