
Microsoft Visual Studio Solution File, Format Version 12.00
# Visual Studio Version 16
VisualStudioVersion = 16.0.30804.86
MinimumVisualStudioVersion = 10.0.40219.1
Project("{9A19103F-16F7-4668-BE54-9A1E7A4F7556}") = "Nucleus.Web", "Nucleus.Web\Nucleus.Web.csproj", "{387821B9-3BD3-4D1F-AE73-B1595A80AD48}"
EndProject
Project("{9A19103F-16F7-4668-BE54-9A1E7A4F7556}") = "Nucleus.Abstractions", "Nucleus.Abstractions\Nucleus.Abstractions.csproj", "{8263705D-5AF9-47E6-A299-8FE83154A1E2}"
EndProject
Project("{9A19103F-16F7-4668-BE54-9A1E7A4F7556}") = "Nucleus.ViewFeatures", "Nucleus.ViewFeatures\Nucleus.ViewFeatures.csproj", "{EF461F17-9BBB-472A-907D-1F21C19519EB}"
EndProject
Project("{9A19103F-16F7-4668-BE54-9A1E7A4F7556}") = "Nucleus.Core", "Nucleus.Core\Nucleus.Core.csproj", "{7CD71FBF-F435-492E-8A6C-CDA4AE6DF0ED}"
EndProject
Project("{2150E333-8FDC-42A3-9474-1A3956D46DE8}") = "Nucleus.Core.Modules", "Nucleus.Core.Modules", "{B2A29AB0-1E90-4829-ADB4-7C343C0A41B8}"
EndProject
Project("{9A19103F-16F7-4668-BE54-9A1E7A4F7556}") = "Nucleus.Modules.Account", "Nucleus.Core.Modules\Nucleus.Modules.Account\Nucleus.Modules.Account.csproj", "{A1283404-7C54-4A96-8567-A0B4D75E78F8}"
EndProject
Project("{9A19103F-16F7-4668-BE54-9A1E7A4F7556}") = "Nucleus.Modules.Documents", "Nucleus.Core.Modules\Nucleus.Modules.Documents\Nucleus.Modules.Documents.csproj", "{EB84DEBE-4D12-4FB8-BEB3-782B33F900FF}"
EndProject
Project("{9A19103F-16F7-4668-BE54-9A1E7A4F7556}") = "Nucleus.Modules.Media", "Nucleus.Core.Modules\Nucleus.Modules.Media\Nucleus.Modules.Media.csproj", "{62AE86D6-90E0-4FD9-8D2A-347435BCF2B1}"
EndProject
Project("{9A19103F-16F7-4668-BE54-9A1E7A4F7556}") = "Nucleus.Modules.Sitemap", "Nucleus.Core.Modules\Nucleus.Modules.Sitemap\Nucleus.Modules.Sitemap.csproj", "{62D2C58D-E330-4CC6-AEE7-0F3C6AD7F0D3}"
EndProject
Project("{9A19103F-16F7-4668-BE54-9A1E7A4F7556}") = "Nucleus.Modules.TextHtml", "Nucleus.Core.Modules\Nucleus.Modules.TextHtml\Nucleus.Modules.TextHtml.csproj", "{9DBA1E7F-9341-47B2-9F38-9B7D433F4632}"
EndProject
Project("{9A19103F-16F7-4668-BE54-9A1E7A4F7556}") = "Nucleus.Modules.Forums", "Nucleus.Core.Modules\Nucleus.Modules.Forums\Nucleus.Modules.Forums.csproj", "{4F0D1A72-1AB9-422C-90AB-1C232A0A2259}"
EndProject
Project("{9A19103F-16F7-4668-BE54-9A1E7A4F7556}") = "Nucleus.Modules.Publish", "Nucleus.Core.Modules\Nucleus.Modules.Publish\Nucleus.Modules.Publish.csproj", "{13E69A96-42D4-4475-B32C-C009540124DB}"
EndProject
Project("{9A19103F-16F7-4668-BE54-9A1E7A4F7556}") = "Nucleus.Modules.Links", "Nucleus.Core.Modules\Nucleus.Modules.Links\Nucleus.Modules.Links.csproj", "{3352DDFA-4ECB-446B-A50A-922A40A7EF60}"
EndProject
Project("{2150E333-8FDC-42A3-9474-1A3956D46DE8}") = "Nucleus.Special.Modules", "Nucleus.Special.Modules", "{CD49EF69-179E-461A-9C51-041EA3B901CE}"
EndProject
Project("{9A19103F-16F7-4668-BE54-9A1E7A4F7556}") = "Nucleus.XmlDocumentation", "Nucleus.Special.Modules\Nucleus.XmlDocumentation\Nucleus.XmlDocumentation.csproj", "{30BD178F-619B-4226-8875-0725D3077D24}"
EndProject
Global
	GlobalSection(SolutionConfigurationPlatforms) = preSolution
		Debug|Any CPU = Debug|Any CPU
		Release|Any CPU = Release|Any CPU
	EndGlobalSection
	GlobalSection(ProjectConfigurationPlatforms) = postSolution
		{387821B9-3BD3-4D1F-AE73-B1595A80AD48}.Debug|Any CPU.ActiveCfg = Debug|Any CPU
		{387821B9-3BD3-4D1F-AE73-B1595A80AD48}.Debug|Any CPU.Build.0 = Debug|Any CPU
		{387821B9-3BD3-4D1F-AE73-B1595A80AD48}.Release|Any CPU.ActiveCfg = Release|Any CPU
		{387821B9-3BD3-4D1F-AE73-B1595A80AD48}.Release|Any CPU.Build.0 = Release|Any CPU
		{8263705D-5AF9-47E6-A299-8FE83154A1E2}.Debug|Any CPU.ActiveCfg = Debug|Any CPU
		{8263705D-5AF9-47E6-A299-8FE83154A1E2}.Debug|Any CPU.Build.0 = Debug|Any CPU
		{8263705D-5AF9-47E6-A299-8FE83154A1E2}.Release|Any CPU.ActiveCfg = Release|Any CPU
		{8263705D-5AF9-47E6-A299-8FE83154A1E2}.Release|Any CPU.Build.0 = Release|Any CPU
		{EF461F17-9BBB-472A-907D-1F21C19519EB}.Debug|Any CPU.ActiveCfg = Debug|Any CPU
		{EF461F17-9BBB-472A-907D-1F21C19519EB}.Debug|Any CPU.Build.0 = Debug|Any CPU
		{EF461F17-9BBB-472A-907D-1F21C19519EB}.Release|Any CPU.ActiveCfg = Release|Any CPU
		{EF461F17-9BBB-472A-907D-1F21C19519EB}.Release|Any CPU.Build.0 = Release|Any CPU
		{7CD71FBF-F435-492E-8A6C-CDA4AE6DF0ED}.Debug|Any CPU.ActiveCfg = Debug|Any CPU
		{7CD71FBF-F435-492E-8A6C-CDA4AE6DF0ED}.Debug|Any CPU.Build.0 = Debug|Any CPU
		{7CD71FBF-F435-492E-8A6C-CDA4AE6DF0ED}.Release|Any CPU.ActiveCfg = Release|Any CPU
		{7CD71FBF-F435-492E-8A6C-CDA4AE6DF0ED}.Release|Any CPU.Build.0 = Release|Any CPU
		{A1283404-7C54-4A96-8567-A0B4D75E78F8}.Debug|Any CPU.ActiveCfg = Debug|Any CPU
		{A1283404-7C54-4A96-8567-A0B4D75E78F8}.Debug|Any CPU.Build.0 = Debug|Any CPU
		{A1283404-7C54-4A96-8567-A0B4D75E78F8}.Release|Any CPU.ActiveCfg = Release|Any CPU
		{A1283404-7C54-4A96-8567-A0B4D75E78F8}.Release|Any CPU.Build.0 = Release|Any CPU
		{EB84DEBE-4D12-4FB8-BEB3-782B33F900FF}.Debug|Any CPU.ActiveCfg = Debug|Any CPU
		{EB84DEBE-4D12-4FB8-BEB3-782B33F900FF}.Debug|Any CPU.Build.0 = Debug|Any CPU
		{EB84DEBE-4D12-4FB8-BEB3-782B33F900FF}.Release|Any CPU.ActiveCfg = Release|Any CPU
		{EB84DEBE-4D12-4FB8-BEB3-782B33F900FF}.Release|Any CPU.Build.0 = Release|Any CPU
		{62AE86D6-90E0-4FD9-8D2A-347435BCF2B1}.Debug|Any CPU.ActiveCfg = Debug|Any CPU
		{62AE86D6-90E0-4FD9-8D2A-347435BCF2B1}.Debug|Any CPU.Build.0 = Debug|Any CPU
		{62AE86D6-90E0-4FD9-8D2A-347435BCF2B1}.Release|Any CPU.ActiveCfg = Release|Any CPU
		{62AE86D6-90E0-4FD9-8D2A-347435BCF2B1}.Release|Any CPU.Build.0 = Release|Any CPU
		{62D2C58D-E330-4CC6-AEE7-0F3C6AD7F0D3}.Debug|Any CPU.ActiveCfg = Debug|Any CPU
		{62D2C58D-E330-4CC6-AEE7-0F3C6AD7F0D3}.Debug|Any CPU.Build.0 = Debug|Any CPU
		{62D2C58D-E330-4CC6-AEE7-0F3C6AD7F0D3}.Release|Any CPU.ActiveCfg = Release|Any CPU
		{62D2C58D-E330-4CC6-AEE7-0F3C6AD7F0D3}.Release|Any CPU.Build.0 = Release|Any CPU
		{9DBA1E7F-9341-47B2-9F38-9B7D433F4632}.Debug|Any CPU.ActiveCfg = Debug|Any CPU
		{9DBA1E7F-9341-47B2-9F38-9B7D433F4632}.Debug|Any CPU.Build.0 = Debug|Any CPU
		{9DBA1E7F-9341-47B2-9F38-9B7D433F4632}.Release|Any CPU.ActiveCfg = Release|Any CPU
		{9DBA1E7F-9341-47B2-9F38-9B7D433F4632}.Release|Any CPU.Build.0 = Release|Any CPU
		{4F0D1A72-1AB9-422C-90AB-1C232A0A2259}.Debug|Any CPU.ActiveCfg = Debug|Any CPU
		{4F0D1A72-1AB9-422C-90AB-1C232A0A2259}.Debug|Any CPU.Build.0 = Debug|Any CPU
		{4F0D1A72-1AB9-422C-90AB-1C232A0A2259}.Release|Any CPU.ActiveCfg = Release|Any CPU
		{4F0D1A72-1AB9-422C-90AB-1C232A0A2259}.Release|Any CPU.Build.0 = Release|Any CPU
		{13E69A96-42D4-4475-B32C-C009540124DB}.Debug|Any CPU.ActiveCfg = Debug|Any CPU
		{13E69A96-42D4-4475-B32C-C009540124DB}.Debug|Any CPU.Build.0 = Debug|Any CPU
		{13E69A96-42D4-4475-B32C-C009540124DB}.Release|Any CPU.ActiveCfg = Release|Any CPU
		{13E69A96-42D4-4475-B32C-C009540124DB}.Release|Any CPU.Build.0 = Release|Any CPU
		{3352DDFA-4ECB-446B-A50A-922A40A7EF60}.Debug|Any CPU.ActiveCfg = Debug|Any CPU
		{3352DDFA-4ECB-446B-A50A-922A40A7EF60}.Debug|Any CPU.Build.0 = Debug|Any CPU
		{3352DDFA-4ECB-446B-A50A-922A40A7EF60}.Release|Any CPU.ActiveCfg = Release|Any CPU
		{3352DDFA-4ECB-446B-A50A-922A40A7EF60}.Release|Any CPU.Build.0 = Release|Any CPU
		{30BD178F-619B-4226-8875-0725D3077D24}.Debug|Any CPU.ActiveCfg = Debug|Any CPU
		{30BD178F-619B-4226-8875-0725D3077D24}.Debug|Any CPU.Build.0 = Debug|Any CPU
		{30BD178F-619B-4226-8875-0725D3077D24}.Release|Any CPU.ActiveCfg = Release|Any CPU
		{30BD178F-619B-4226-8875-0725D3077D24}.Release|Any CPU.Build.0 = Release|Any CPU
	EndGlobalSection
	GlobalSection(SolutionProperties) = preSolution
		HideSolutionNode = FALSE
	EndGlobalSection
	GlobalSection(NestedProjects) = preSolution
		{A1283404-7C54-4A96-8567-A0B4D75E78F8} = {B2A29AB0-1E90-4829-ADB4-7C343C0A41B8}
		{EB84DEBE-4D12-4FB8-BEB3-782B33F900FF} = {B2A29AB0-1E90-4829-ADB4-7C343C0A41B8}
		{62AE86D6-90E0-4FD9-8D2A-347435BCF2B1} = {B2A29AB0-1E90-4829-ADB4-7C343C0A41B8}
		{62D2C58D-E330-4CC6-AEE7-0F3C6AD7F0D3} = {B2A29AB0-1E90-4829-ADB4-7C343C0A41B8}
		{9DBA1E7F-9341-47B2-9F38-9B7D433F4632} = {B2A29AB0-1E90-4829-ADB4-7C343C0A41B8}
		{4F0D1A72-1AB9-422C-90AB-1C232A0A2259} = {B2A29AB0-1E90-4829-ADB4-7C343C0A41B8}
		{13E69A96-42D4-4475-B32C-C009540124DB} = {B2A29AB0-1E90-4829-ADB4-7C343C0A41B8}
		{3352DDFA-4ECB-446B-A50A-922A40A7EF60} = {B2A29AB0-1E90-4829-ADB4-7C343C0A41B8}
		{30BD178F-619B-4226-8875-0725D3077D24} = {CD49EF69-179E-461A-9C51-041EA3B901CE}
	EndGlobalSection
	GlobalSection(ExtensibilityGlobals) = postSolution
		SolutionGuid = {D84CD364-9C8E-400E-84AA-45562061ED44}
	EndGlobalSection
	GlobalSection(SourceCodeControl) = preSolution
		SccNumberOfProjects = 13
		SccProjectUniqueName0 = Nucleus.Web\\Nucleus.Web.csproj
		SccProjectName0 = \u0022$/Nucleus/Source\u0020Code/Nucleus.Web\u0022,\u0020LJVEAAAA
		SccLocalPath0 = Nucleus.Web
		SccProvider0 = MSSCCI:Microsoft\u0020Visual\u0020SourceSafe
		SccProjectUniqueName1 = Nucleus.Abstractions\\Nucleus.Abstractions.csproj
		SccProjectName1 = \u0022$/Nucleus/Source\u0020Code/Nucleus.Abstractions\u0022,\u0020WHVEAAAA
		SccLocalPath1 = Nucleus.Abstractions
		SccProvider1 = MSSCCI:Microsoft\u0020Visual\u0020SourceSafe
		SccProjectUniqueName2 = Nucleus.ViewFeatures\\Nucleus.ViewFeatures.csproj
		SccProjectName2 = \u0022$/Nucleus/Source\u0020Code/Nucleus.ViewFeatures\u0022,\u0020EIVEAAAA
		SccLocalPath2 = Nucleus.ViewFeatures
		SccProvider2 = MSSCCI:Microsoft\u0020Visual\u0020SourceSafe
		SccProjectUniqueName3 = Nucleus.Core\\Nucleus.Core.csproj
		SccProjectName3 = \u0022$/Nucleus/Source\u0020Code/Nucleus.Core\u0022,\u0020TQVEAAAA
		SccLocalPath3 = Nucleus.Core
		SccProvider3 = MSSCCI:Microsoft\u0020Visual\u0020SourceSafe
		SccProjectUniqueName4 = Nucleus.Core.Modules\\Nucleus.Modules.Account\\Nucleus.Modules.Account.csproj
		SccProjectTopLevelParentUniqueName4 = Nucleus.sln
		SccProjectName4 = \u0022$/Nucleus/Source\u0020Code/Nucleus.Core.Modules/Nucleus.Modules.Account\u0022,\u0020VGXEAAAA
		SccLocalPath4 = Nucleus.Core.Modules\\Nucleus.Modules.Account
		SccProvider4 = MSSCCI:Microsoft\u0020Visual\u0020SourceSafe
		SccProjectUniqueName5 = Nucleus.Core.Modules\\Nucleus.Modules.Documents\\Nucleus.Modules.Documents.csproj
		SccProjectTopLevelParentUniqueName5 = Nucleus.sln
		SccProjectName5 = \u0022$/Nucleus/Source\u0020Code/Nucleus.Core.Modules/Nucleus.Modules.Documents\u0022,\u0020XGXEAAAA
		SccLocalPath5 = Nucleus.Core.Modules\\Nucleus.Modules.Documents
		SccProvider5 = MSSCCI:Microsoft\u0020Visual\u0020SourceSafe
		SccProjectUniqueName6 = Nucleus.Core.Modules\\Nucleus.Modules.Media\\Nucleus.Modules.Media.csproj
		SccProjectTopLevelParentUniqueName6 = Nucleus.sln
		SccProjectName6 = \u0022$/Nucleus/Source\u0020Code/Nucleus.Core.Modules/Nucleus.Modules.Media\u0022,\u0020ZGXEAAAA
		SccLocalPath6 = Nucleus.Core.Modules\\Nucleus.Modules.Media
		SccProvider6 = MSSCCI:Microsoft\u0020Visual\u0020SourceSafe
		SccProjectUniqueName7 = Nucleus.Core.Modules\\Nucleus.Modules.Sitemap\\Nucleus.Modules.Sitemap.csproj
		SccProjectTopLevelParentUniqueName7 = Nucleus.sln
		SccProjectName7 = \u0022$/Nucleus/Source\u0020Code/Nucleus.Core.Modules/Nucleus.Modules.Sitemap\u0022,\u0020BHXEAAAA
		SccLocalPath7 = Nucleus.Core.Modules\\Nucleus.Modules.Sitemap
		SccProvider7 = MSSCCI:Microsoft\u0020Visual\u0020SourceSafe
		SccProjectUniqueName8 = Nucleus.Core.Modules\\Nucleus.Modules.TextHtml\\Nucleus.Modules.TextHtml.csproj
		SccProjectTopLevelParentUniqueName8 = Nucleus.sln
		SccProjectName8 = \u0022$/Nucleus/Source\u0020Code/Nucleus.Core.Modules/Nucleus.Modules.TextHtml\u0022,\u0020DHXEAAAA
		SccLocalPath8 = Nucleus.Core.Modules\\Nucleus.Modules.TextHtml
		SccProvider8 = MSSCCI:Microsoft\u0020Visual\u0020SourceSafe
		SccProjectUniqueName9 = Nucleus.Core.Modules\\Nucleus.Modules.Forums\\Nucleus.Modules.Forums.csproj
		SccProjectTopLevelParentUniqueName9 = Nucleus.sln
		SccProjectName9 = \u0022$/Nucleus/Source\u0020Code/Nucleus.Core.Modules/Nucleus.Modules.Forums\u0022,\u0020ELXEAAAA
		SccLocalPath9 = Nucleus.Core.Modules\\Nucleus.Modules.Forums
		SccProvider9 = MSSCCI:Microsoft\u0020Visual\u0020SourceSafe
		SccProjectUniqueName10 = Nucleus.Core.Modules\\Nucleus.Modules.Publish\\Nucleus.Modules.Publish.csproj
		SccProjectTopLevelParentUniqueName10 = Nucleus.sln
		SccProjectName10 = \u0022$/Nucleus/Source\u0020Code/Nucleus.Core.Modules/Nucleus.Modules.Publish\u0022,\u0020OGYEAAAA
		SccLocalPath10 = Nucleus.Core.Modules\\Nucleus.Modules.Publish
		SccProvider10 = MSSCCI:Microsoft\u0020Visual\u0020SourceSafe
		SccProjectUniqueName11 = Nucleus.Core.Modules\\Nucleus.Modules.Links\\Nucleus.Modules.Links.csproj
		SccProjectTopLevelParentUniqueName11 = Nucleus.sln
		SccProjectName11 = \u0022$/Nucleus/Source\u0020Code/Nucleus.Core.Modules/Nucleus.Modules.Links\u0022,\u0020FLYEAAAA
		SccLocalPath11 = Nucleus.Core.Modules\\Nucleus.Modules.Links
		SccProvider11 = MSSCCI:Microsoft\u0020Visual\u0020SourceSafe
		SccProjectUniqueName12 = Nucleus.Special.Modules\\Nucleus.XmlDocumentation\\Nucleus.XmlDocumentation.csproj
		SccProjectTopLevelParentUniqueName12 = Nucleus.sln
		SccProjectName12 = \u0022$/Nucleus/Source\u0020Code/Nucleus.Special.Modules/Nucleus.XmlDocumentation\u0022,\u0020NQYEAAAA
		SccLocalPath12 = Nucleus.Special.Modules\\Nucleus.XmlDocumentation
		SccProvider12 = MSSCCI:Microsoft\u0020Visual\u0020SourceSafe
	EndGlobalSection
EndGlobal
